// !$*UTF8*$!
{
	archiveVersion = 1;
	classes = {
	};
	objectVersion = 56;
	objects = {

/* Begin PBXBuildFile section */
		79510B742B4AF32D00B436EE /* MainModel.swift in Sources */ = {isa = PBXBuildFile; fileRef = 79510B732B4AF32D00B436EE /* MainModel.swift */; };
		79510B762B4AF34600B436EE /* MainView.swift in Sources */ = {isa = PBXBuildFile; fileRef = 79510B752B4AF34600B436EE /* MainView.swift */; };
		79510B782B4AF3BC00B436EE /* DetailController.swift in Sources */ = {isa = PBXBuildFile; fileRef = 79510B772B4AF3BC00B436EE /* DetailController.swift */; };
		79510B7A2B4AF3CF00B436EE /* DetailView.swift in Sources */ = {isa = PBXBuildFile; fileRef = 79510B792B4AF3CF00B436EE /* DetailView.swift */; };
		79510B7D2B4AF42300B436EE /* MarvelCell.swift in Sources */ = {isa = PBXBuildFile; fileRef = 79510B7C2B4AF42300B436EE /* MarvelCell.swift */; };
		79510B812B4C4C0A00B436EE /* NetworkService.swift in Sources */ = {isa = PBXBuildFile; fileRef = 79510B802B4C4C0A00B436EE /* NetworkService.swift */; };
		79BE57182B4AA5BA00843990 /* AppDelegate.swift in Sources */ = {isa = PBXBuildFile; fileRef = 79BE57172B4AA5BA00843990 /* AppDelegate.swift */; };
		79BE571A2B4AA5BA00843990 /* SceneDelegate.swift in Sources */ = {isa = PBXBuildFile; fileRef = 79BE57192B4AA5BA00843990 /* SceneDelegate.swift */; };
		79BE571C2B4AA5BA00843990 /* MainController.swift in Sources */ = {isa = PBXBuildFile; fileRef = 79BE571B2B4AA5BA00843990 /* MainController.swift */; };
		79BE57212B4AA5BA00843990 /* Assets.xcassets in Resources */ = {isa = PBXBuildFile; fileRef = 79BE57202B4AA5BA00843990 /* Assets.xcassets */; };
		79BE57242B4AA5BA00843990 /* LaunchScreen.storyboard in Resources */ = {isa = PBXBuildFile; fileRef = 79BE57222B4AA5BA00843990 /* LaunchScreen.storyboard */; };
		E96DA7C02F78C1C168106115 /* Pods_iOS_HW21_Elena_Zelenova.framework in Frameworks */ = {isa = PBXBuildFile; fileRef = 5BA30172A637B70827AC440B /* Pods_iOS_HW21_Elena_Zelenova.framework */; };
/* End PBXBuildFile section */

/* Begin PBXFileReference section */
		3F99B0232FDA87A29258032C /* Pods-iOS-HW21-Elena_Zelenova.release.xcconfig */ = {isa = PBXFileReference; includeInIndex = 1; lastKnownFileType = text.xcconfig; name = "Pods-iOS-HW21-Elena_Zelenova.release.xcconfig"; path = "Target Support Files/Pods-iOS-HW21-Elena_Zelenova/Pods-iOS-HW21-Elena_Zelenova.release.xcconfig"; sourceTree = "<group>"; };
		5BA30172A637B70827AC440B /* Pods_iOS_HW21_Elena_Zelenova.framework */ = {isa = PBXFileReference; explicitFileType = wrapper.framework; includeInIndex = 0; path = Pods_iOS_HW21_Elena_Zelenova.framework; sourceTree = BUILT_PRODUCTS_DIR; };
		64B11C28F83A444C72610701 /* Pods-iOS-HW21-Elena_Zelenova.debug.xcconfig */ = {isa = PBXFileReference; includeInIndex = 1; lastKnownFileType = text.xcconfig; name = "Pods-iOS-HW21-Elena_Zelenova.debug.xcconfig"; path = "Target Support Files/Pods-iOS-HW21-Elena_Zelenova/Pods-iOS-HW21-Elena_Zelenova.debug.xcconfig"; sourceTree = "<group>"; };
		79510B732B4AF32D00B436EE /* MainModel.swift */ = {isa = PBXFileReference; lastKnownFileType = sourcecode.swift; path = MainModel.swift; sourceTree = "<group>"; };
		79510B752B4AF34600B436EE /* MainView.swift */ = {isa = PBXFileReference; lastKnownFileType = sourcecode.swift; path = MainView.swift; sourceTree = "<group>"; };
		79510B772B4AF3BC00B436EE /* DetailController.swift */ = {isa = PBXFileReference; lastKnownFileType = sourcecode.swift; path = DetailController.swift; sourceTree = "<group>"; };
		79510B792B4AF3CF00B436EE /* DetailView.swift */ = {isa = PBXFileReference; lastKnownFileType = sourcecode.swift; path = DetailView.swift; sourceTree = "<group>"; };
		79510B7C2B4AF42300B436EE /* MarvelCell.swift */ = {isa = PBXFileReference; lastKnownFileType = sourcecode.swift; path = MarvelCell.swift; sourceTree = "<group>"; };
		79510B802B4C4C0A00B436EE /* NetworkService.swift */ = {isa = PBXFileReference; lastKnownFileType = sourcecode.swift; path = NetworkService.swift; sourceTree = "<group>"; };
		79BE57142B4AA5BA00843990 /* iOS-HW21-Elena_Zelenova.app */ = {isa = PBXFileReference; explicitFileType = wrapper.application; includeInIndex = 0; path = "iOS-HW21-Elena_Zelenova.app"; sourceTree = BUILT_PRODUCTS_DIR; };
		79BE57172B4AA5BA00843990 /* AppDelegate.swift */ = {isa = PBXFileReference; lastKnownFileType = sourcecode.swift; path = AppDelegate.swift; sourceTree = "<group>"; };
		79BE57192B4AA5BA00843990 /* SceneDelegate.swift */ = {isa = PBXFileReference; lastKnownFileType = sourcecode.swift; path = SceneDelegate.swift; sourceTree = "<group>"; };
		79BE571B2B4AA5BA00843990 /* MainController.swift */ = {isa = PBXFileReference; lastKnownFileType = sourcecode.swift; path = MainController.swift; sourceTree = "<group>"; };
		79BE57202B4AA5BA00843990 /* Assets.xcassets */ = {isa = PBXFileReference; lastKnownFileType = folder.assetcatalog; path = Assets.xcassets; sourceTree = "<group>"; };
		79BE57232B4AA5BA00843990 /* Base */ = {isa = PBXFileReference; lastKnownFileType = file.storyboard; name = Base; path = Base.lproj/LaunchScreen.storyboard; sourceTree = "<group>"; };
		79BE57252B4AA5BA00843990 /* Info.plist */ = {isa = PBXFileReference; lastKnownFileType = text.plist.xml; path = Info.plist; sourceTree = "<group>"; };
/* End PBXFileReference section */

/* Begin PBXFrameworksBuildPhase section */
		79BE57112B4AA5BA00843990 /* Frameworks */ = {
			isa = PBXFrameworksBuildPhase;
			buildActionMask = 2147483647;
			files = (
				E96DA7C02F78C1C168106115 /* Pods_iOS_HW21_Elena_Zelenova.framework in Frameworks */,
			);
			runOnlyForDeploymentPostprocessing = 0;
		};
/* End PBXFrameworksBuildPhase section */

/* Begin PBXGroup section */
		4E296D8F845CF74121E2C748 /* Pods */ = {
			isa = PBXGroup;
			children = (
				64B11C28F83A444C72610701 /* Pods-iOS-HW21-Elena_Zelenova.debug.xcconfig */,
				3F99B0232FDA87A29258032C /* Pods-iOS-HW21-Elena_Zelenova.release.xcconfig */,
			);
			path = Pods;
			sourceTree = "<group>";
		};
		75A14E06F36081B8F7B79F09 /* Frameworks */ = {
			isa = PBXGroup;
			children = (
				5BA30172A637B70827AC440B /* Pods_iOS_HW21_Elena_Zelenova.framework */,
			);
			name = Frameworks;
			sourceTree = "<group>";
		};
		79510B722B4AF29E00B436EE /* MainScreen */ = {
			isa = PBXGroup;
			children = (
				79510B732B4AF32D00B436EE /* MainModel.swift */,
				79510B752B4AF34600B436EE /* MainView.swift */,
				79BE571B2B4AA5BA00843990 /* MainController.swift */,
				79510B7E2B4AF42B00B436EE /* Cell */,
			);
			path = MainScreen;
			sourceTree = "<group>";
		};
		79510B7B2B4AF3DB00B436EE /* DetailScreen */ = {
			isa = PBXGroup;
			children = (
				79510B772B4AF3BC00B436EE /* DetailController.swift */,
				79510B792B4AF3CF00B436EE /* DetailView.swift */,
			);
			path = DetailScreen;
			sourceTree = "<group>";
		};
		79510B7E2B4AF42B00B436EE /* Cell */ = {
			isa = PBXGroup;
			children = (
				79510B7C2B4AF42300B436EE /* MarvelCell.swift */,
			);
			path = Cell;
			sourceTree = "<group>";
		};
		79510B7F2B4C4B1300B436EE /* NetworkService */ = {
			isa = PBXGroup;
			children = (
				79510B802B4C4C0A00B436EE /* NetworkService.swift */,
			);
			path = NetworkService;
			sourceTree = "<group>";
		};
		79BE570B2B4AA5BA00843990 = {
			isa = PBXGroup;
			children = (
				79BE57162B4AA5BA00843990 /* iOS-HW21-Elena_Zelenova */,
				79BE57152B4AA5BA00843990 /* Products */,
				4E296D8F845CF74121E2C748 /* Pods */,
				75A14E06F36081B8F7B79F09 /* Frameworks */,
			);
			sourceTree = "<group>";
		};
		79BE57152B4AA5BA00843990 /* Products */ = {
			isa = PBXGroup;
			children = (
				79BE57142B4AA5BA00843990 /* iOS-HW21-Elena_Zelenova.app */,
			);
			name = Products;
			sourceTree = "<group>";
		};
		79BE57162B4AA5BA00843990 /* iOS-HW21-Elena_Zelenova */ = {
			isa = PBXGroup;
			children = (
				79BE572B2B4AA99600843990 /* App */,
				79BE572E2B4AAB0200843990 /* Sources */,
				79BE572C2B4AA9C800843990 /* Resources */,
				79BE572D2B4AA9EB00843990 /* LaunchScreen */,
			);
			path = "iOS-HW21-Elena_Zelenova";
			sourceTree = "<group>";
		};
		79BE572B2B4AA99600843990 /* App */ = {
			isa = PBXGroup;
			children = (
				79BE57172B4AA5BA00843990 /* AppDelegate.swift */,
				79BE57192B4AA5BA00843990 /* SceneDelegate.swift */,
			);
			path = App;
			sourceTree = "<group>";
		};
		79BE572C2B4AA9C800843990 /* Resources */ = {
			isa = PBXGroup;
			children = (
				79BE57202B4AA5BA00843990 /* Assets.xcassets */,
				79BE57252B4AA5BA00843990 /* Info.plist */,
			);
			path = Resources;
			sourceTree = "<group>";
		};
		79BE572D2B4AA9EB00843990 /* LaunchScreen */ = {
			isa = PBXGroup;
			children = (
				79BE57222B4AA5BA00843990 /* LaunchScreen.storyboard */,
			);
			path = LaunchScreen;
			sourceTree = "<group>";
		};
		79BE572E2B4AAB0200843990 /* Sources */ = {
			isa = PBXGroup;
			children = (
				79510B7F2B4C4B1300B436EE /* NetworkService */,
				79510B722B4AF29E00B436EE /* MainScreen */,
				79510B7B2B4AF3DB00B436EE /* DetailScreen */,
			);
			path = Sources;
			sourceTree = "<group>";
		};
/* End PBXGroup section */

/* Begin PBXNativeTarget section */
		79BE57132B4AA5BA00843990 /* iOS-HW21-Elena_Zelenova */ = {
			isa = PBXNativeTarget;
			buildConfigurationList = 79BE57282B4AA5BA00843990 /* Build configuration list for PBXNativeTarget "iOS-HW21-Elena_Zelenova" */;
			buildPhases = (
				9DF25AC41B62F658F1F1A337 /* [CP] Check Pods Manifest.lock */,
				79BE57102B4AA5BA00843990 /* Sources */,
				79BE57112B4AA5BA00843990 /* Frameworks */,
				79BE57122B4AA5BA00843990 /* Resources */,
				1B1469848502FEE6F1DED848 /* [CP] Embed Pods Frameworks */,
			);
			buildRules = (
			);
			dependencies = (
			);
			name = "iOS-HW21-Elena_Zelenova";
			productName = "iOS-HW21-Elena_Zelenova";
			productReference = 79BE57142B4AA5BA00843990 /* iOS-HW21-Elena_Zelenova.app */;
			productType = "com.apple.product-type.application";
		};
/* End PBXNativeTarget section */

/* Begin PBXProject section */
		79BE570C2B4AA5BA00843990 /* Project object */ = {
			isa = PBXProject;
			attributes = {
				BuildIndependentTargetsInParallel = 1;
				LastSwiftUpdateCheck = 1430;
				LastUpgradeCheck = 1430;
				TargetAttributes = {
					79BE57132B4AA5BA00843990 = {
						CreatedOnToolsVersion = 14.3.1;
					};
				};
			};
			buildConfigurationList = 79BE570F2B4AA5BA00843990 /* Build configuration list for PBXProject "iOS-HW21-Elena_Zelenova" */;
			compatibilityVersion = "Xcode 14.0";
			developmentRegion = en;
			hasScannedForEncodings = 0;
			knownRegions = (
				en,
				Base,
			);
			mainGroup = 79BE570B2B4AA5BA00843990;
			productRefGroup = 79BE57152B4AA5BA00843990 /* Products */;
			projectDirPath = "";
			projectRoot = "";
			targets = (
				79BE57132B4AA5BA00843990 /* iOS-HW21-Elena_Zelenova */,
			);
		};
/* End PBXProject section */

/* Begin PBXResourcesBuildPhase section */
		79BE57122B4AA5BA00843990 /* Resources */ = {
			isa = PBXResourcesBuildPhase;
			buildActionMask = 2147483647;
			files = (
				79BE57242B4AA5BA00843990 /* LaunchScreen.storyboard in Resources */,
				79BE57212B4AA5BA00843990 /* Assets.xcassets in Resources */,
			);
			runOnlyForDeploymentPostprocessing = 0;
		};
/* End PBXResourcesBuildPhase section */

/* Begin PBXShellScriptBuildPhase section */
		1B1469848502FEE6F1DED848 /* [CP] Embed Pods Frameworks */ = {
			isa = PBXShellScriptBuildPhase;
			buildActionMask = 2147483647;
			files = (
			);
			inputFileListPaths = (
				"${PODS_ROOT}/Target Support Files/Pods-iOS-HW21-Elena_Zelenova/Pods-iOS-HW21-Elena_Zelenova-frameworks-${CONFIGURATION}-input-files.xcfilelist",
			);
			name = "[CP] Embed Pods Frameworks";
			outputFileListPaths = (
				"${PODS_ROOT}/Target Support Files/Pods-iOS-HW21-Elena_Zelenova/Pods-iOS-HW21-Elena_Zelenova-frameworks-${CONFIGURATION}-output-files.xcfilelist",
			);
			runOnlyForDeploymentPostprocessing = 0;
			shellPath = /bin/sh;
			shellScript = "\"${PODS_ROOT}/Target Support Files/Pods-iOS-HW21-Elena_Zelenova/Pods-iOS-HW21-Elena_Zelenova-frameworks.sh\"\n";
			showEnvVarsInLog = 0;
		};
		9DF25AC41B62F658F1F1A337 /* [CP] Check Pods Manifest.lock */ = {
			isa = PBXShellScriptBuildPhase;
			buildActionMask = 2147483647;
			files = (
			);
			inputFileListPaths = (
			);
			inputPaths = (
				"${PODS_PODFILE_DIR_PATH}/Podfile.lock",
				"${PODS_ROOT}/Manifest.lock",
			);
			name = "[CP] Check Pods Manifest.lock";
			outputFileListPaths = (
			);
			outputPaths = (
				"$(DERIVED_FILE_DIR)/Pods-iOS-HW21-Elena_Zelenova-checkManifestLockResult.txt",
			);
			runOnlyForDeploymentPostprocessing = 0;
			shellPath = /bin/sh;
			shellScript = "diff \"${PODS_PODFILE_DIR_PATH}/Podfile.lock\" \"${PODS_ROOT}/Manifest.lock\" > /dev/null\nif [ $? != 0 ] ; then\n    # print error to STDERR\n    echo \"error: The sandbox is not in sync with the Podfile.lock. Run 'pod install' or update your CocoaPods installation.\" >&2\n    exit 1\nfi\n# This output is used by Xcode 'outputs' to avoid re-running this script phase.\necho \"SUCCESS\" > \"${SCRIPT_OUTPUT_FILE_0}\"\n";
			showEnvVarsInLog = 0;
		};
/* End PBXShellScriptBuildPhase section */

/* Begin PBXSourcesBuildPhase section */
		79BE57102B4AA5BA00843990 /* Sources */ = {
			isa = PBXSourcesBuildPhase;
			buildActionMask = 2147483647;
			files = (
				79510B742B4AF32D00B436EE /* MainModel.swift in Sources */,
				79BE571C2B4AA5BA00843990 /* MainController.swift in Sources */,
				79510B7D2B4AF42300B436EE /* MarvelCell.swift in Sources */,
				79BE57182B4AA5BA00843990 /* AppDelegate.swift in Sources */,
				79510B812B4C4C0A00B436EE /* NetworkService.swift in Sources */,
				79510B7A2B4AF3CF00B436EE /* DetailView.swift in Sources */,
				79510B762B4AF34600B436EE /* MainView.swift in Sources */,
				79510B782B4AF3BC00B436EE /* DetailController.swift in Sources */,
				79BE571A2B4AA5BA00843990 /* SceneDelegate.swift in Sources */,
			);
			runOnlyForDeploymentPostprocessing = 0;
		};
/* End PBXSourcesBuildPhase section */

/* Begin PBXVariantGroup section */
		79BE57222B4AA5BA00843990 /* LaunchScreen.storyboard */ = {
			isa = PBXVariantGroup;
			children = (
				79BE57232B4AA5BA00843990 /* Base */,
			);
			name = LaunchScreen.storyboard;
			sourceTree = "<group>";
		};
/* End PBXVariantGroup section */

/* Begin XCBuildConfiguration section */
		79BE57262B4AA5BA00843990 /* Debug */ = {
			isa = XCBuildConfiguration;
			buildSettings = {
				ALWAYS_SEARCH_USER_PATHS = NO;
				CLANG_ANALYZER_NONNULL = YES;
				CLANG_ANALYZER_NUMBER_OBJECT_CONVERSION = YES_AGGRESSIVE;
				CLANG_CXX_LANGUAGE_STANDARD = "gnu++20";
				CLANG_ENABLE_MODULES = YES;
				CLANG_ENABLE_OBJC_ARC = YES;
				CLANG_ENABLE_OBJC_WEAK = YES;
				CLANG_WARN_BLOCK_CAPTURE_AUTORELEASING = YES;
				CLANG_WARN_BOOL_CONVERSION = YES;
				CLANG_WARN_COMMA = YES;
				CLANG_WARN_CONSTANT_CONVERSION = YES;
				CLANG_WARN_DEPRECATED_OBJC_IMPLEMENTATIONS = YES;
				CLANG_WARN_DIRECT_OBJC_ISA_USAGE = YES_ERROR;
				CLANG_WARN_DOCUMENTATION_COMMENTS = YES;
				CLANG_WARN_EMPTY_BODY = YES;
				CLANG_WARN_ENUM_CONVERSION = YES;
				CLANG_WARN_INFINITE_RECURSION = YES;
				CLANG_WARN_INT_CONVERSION = YES;
				CLANG_WARN_NON_LITERAL_NULL_CONVERSION = YES;
				CLANG_WARN_OBJC_IMPLICIT_RETAIN_SELF = YES;
				CLANG_WARN_OBJC_LITERAL_CONVERSION = YES;
				CLANG_WARN_OBJC_ROOT_CLASS = YES_ERROR;
				CLANG_WARN_QUOTED_INCLUDE_IN_FRAMEWORK_HEADER = YES;
				CLANG_WARN_RANGE_LOOP_ANALYSIS = YES;
				CLANG_WARN_STRICT_PROTOTYPES = YES;
				CLANG_WARN_SUSPICIOUS_MOVE = YES;
				CLANG_WARN_UNGUARDED_AVAILABILITY = YES_AGGRESSIVE;
				CLANG_WARN_UNREACHABLE_CODE = YES;
				CLANG_WARN__DUPLICATE_METHOD_MATCH = YES;
				COPY_PHASE_STRIP = NO;
				DEBUG_INFORMATION_FORMAT = dwarf;
				ENABLE_STRICT_OBJC_MSGSEND = YES;
				ENABLE_TESTABILITY = YES;
				GCC_C_LANGUAGE_STANDARD = gnu11;
				GCC_DYNAMIC_NO_PIC = NO;
				GCC_NO_COMMON_BLOCKS = YES;
				GCC_OPTIMIZATION_LEVEL = 0;
				GCC_PREPROCESSOR_DEFINITIONS = (
					"DEBUG=1",
					"$(inherited)",
				);
				GCC_WARN_64_TO_32_BIT_CONVERSION = YES;
				GCC_WARN_ABOUT_RETURN_TYPE = YES_ERROR;
				GCC_WARN_UNDECLARED_SELECTOR = YES;
				GCC_WARN_UNINITIALIZED_AUTOS = YES_AGGRESSIVE;
				GCC_WARN_UNUSED_FUNCTION = YES;
				GCC_WARN_UNUSED_VARIABLE = YES;
				IPHONEOS_DEPLOYMENT_TARGET = 16.4;
				MTL_ENABLE_DEBUG_INFO = INCLUDE_SOURCE;
				MTL_FAST_MATH = YES;
				ONLY_ACTIVE_ARCH = YES;
				SDKROOT = iphoneos;
				SWIFT_ACTIVE_COMPILATION_CONDITIONS = DEBUG;
				SWIFT_OPTIMIZATION_LEVEL = "-Onone";
			};
			name = Debug;
		};
		79BE57272B4AA5BA00843990 /* Release */ = {
			isa = XCBuildConfiguration;
			buildSettings = {
				ALWAYS_SEARCH_USER_PATHS = NO;
				CLANG_ANALYZER_NONNULL = YES;
				CLANG_ANALYZER_NUMBER_OBJECT_CONVERSION = YES_AGGRESSIVE;
				CLANG_CXX_LANGUAGE_STANDARD = "gnu++20";
				CLANG_ENABLE_MODULES = YES;
				CLANG_ENABLE_OBJC_ARC = YES;
				CLANG_ENABLE_OBJC_WEAK = YES;
				CLANG_WARN_BLOCK_CAPTURE_AUTORELEASING = YES;
				CLANG_WARN_BOOL_CONVERSION = YES;
				CLANG_WARN_COMMA = YES;
				CLANG_WARN_CONSTANT_CONVERSION = YES;
				CLANG_WARN_DEPRECATED_OBJC_IMPLEMENTATIONS = YES;
				CLANG_WARN_DIRECT_OBJC_ISA_USAGE = YES_ERROR;
				CLANG_WARN_DOCUMENTATION_COMMENTS = YES;
				CLANG_WARN_EMPTY_BODY = YES;
				CLANG_WARN_ENUM_CONVERSION = YES;
				CLANG_WARN_INFINITE_RECURSION = YES;
				CLANG_WARN_INT_CONVERSION = YES;
				CLANG_WARN_NON_LITERAL_NULL_CONVERSION = YES;
				CLANG_WARN_OBJC_IMPLICIT_RETAIN_SELF = YES;
				CLANG_WARN_OBJC_LITERAL_CONVERSION = YES;
				CLANG_WARN_OBJC_ROOT_CLASS = YES_ERROR;
				CLANG_WARN_QUOTED_INCLUDE_IN_FRAMEWORK_HEADER = YES;
				CLANG_WARN_RANGE_LOOP_ANALYSIS = YES;
				CLANG_WARN_STRICT_PROTOTYPES = YES;
				CLANG_WARN_SUSPICIOUS_MOVE = YES;
				CLANG_WARN_UNGUARDED_AVAILABILITY = YES_AGGRESSIVE;
				CLANG_WARN_UNREACHABLE_CODE = YES;
				CLANG_WARN__DUPLICATE_METHOD_MATCH = YES;
				COPY_PHASE_STRIP = NO;
				DEBUG_INFORMATION_FORMAT = "dwarf-with-dsym";
				ENABLE_NS_ASSERTIONS = NO;
				ENABLE_STRICT_OBJC_MSGSEND = YES;
				GCC_C_LANGUAGE_STANDARD = gnu11;
				GCC_NO_COMMON_BLOCKS = YES;
				GCC_WARN_64_TO_32_BIT_CONVERSION = YES;
				GCC_WARN_ABOUT_RETURN_TYPE = YES_ERROR;
				GCC_WARN_UNDECLARED_SELECTOR = YES;
				GCC_WARN_UNINITIALIZED_AUTOS = YES_AGGRESSIVE;
				GCC_WARN_UNUSED_FUNCTION = YES;
				GCC_WARN_UNUSED_VARIABLE = YES;
				IPHONEOS_DEPLOYMENT_TARGET = 16.4;
				MTL_ENABLE_DEBUG_INFO = NO;
				MTL_FAST_MATH = YES;
				SDKROOT = iphoneos;
				SWIFT_COMPILATION_MODE = wholemodule;
				SWIFT_OPTIMIZATION_LEVEL = "-O";
				VALIDATE_PRODUCT = YES;
			};
			name = Release;
		};
		79BE57292B4AA5BA00843990 /* Debug */ = {
			isa = XCBuildConfiguration;
			baseConfigurationReference = 64B11C28F83A444C72610701 /* Pods-iOS-HW21-Elena_Zelenova.debug.xcconfig */;
			buildSettings = {
				ASSETCATALOG_COMPILER_APPICON_NAME = AppIcon;
				ASSETCATALOG_COMPILER_GLOBAL_ACCENT_COLOR_NAME = AccentColor;
				CODE_SIGN_STYLE = Automatic;
				CURRENT_PROJECT_VERSION = 1;
				DEVELOPMENT_TEAM = 544C5YL5XT;
				GENERATE_INFOPLIST_FILE = YES;
				INFOPLIST_FILE = "iOS-HW21-Elena_Zelenova/Resources/Info.plist";
				INFOPLIST_KEY_UIApplicationSupportsIndirectInputEvents = YES;
				INFOPLIST_KEY_UILaunchStoryboardName = LaunchScreen.storyboard;
				INFOPLIST_KEY_UISupportedInterfaceOrientations_iPad = "UIInterfaceOrientationPortrait UIInterfaceOrientationPortraitUpsideDown UIInterfaceOrientationLandscapeLeft UIInterfaceOrientationLandscapeRight";
				INFOPLIST_KEY_UISupportedInterfaceOrientations_iPhone = "UIInterfaceOrientationPortrait UIInterfaceOrientationLandscapeLeft UIInterfaceOrientationLandscapeRight";
				LD_RUNPATH_SEARCH_PATHS = (
					"$(inherited)",
					"@executable_path/Frameworks",
				);
				MARKETING_VERSION = 1.0;
				PRODUCT_BUNDLE_IDENTIFIER = "com.my.iOS-HW21-Elena-Zelenova";
				PRODUCT_NAME = "$(TARGET_NAME)";
				SWIFT_EMIT_LOC_STRINGS = YES;
				SWIFT_VERSION = 5.0;
				TARGETED_DEVICE_FAMILY = "1,2";
			};
			name = Debug;
		};
		79BE572A2B4AA5BA00843990 /* Release */ = {
			isa = XCBuildConfiguration;
			baseConfigurationReference = 3F99B0232FDA87A29258032C /* Pods-iOS-HW21-Elena_Zelenova.release.xcconfig */;
			buildSettings = {
				ASSETCATALOG_COMPILER_APPICON_NAME = AppIcon;
				ASSETCATALOG_COMPILER_GLOBAL_ACCENT_COLOR_NAME = AccentColor;
				CODE_SIGN_STYLE = Automatic;
				CURRENT_PROJECT_VERSION = 1;
				DEVELOPMENT_TEAM = 544C5YL5XT;
				GENERATE_INFOPLIST_FILE = YES;
				INFOPLIST_FILE = "iOS-HW21-Elena_Zelenova/Resources/Info.plist";
				INFOPLIST_KEY_UIApplicationSupportsIndirectInputEvents = YES;
				INFOPLIST_KEY_UILaunchStoryboardName = LaunchScreen.storyboard;
				INFOPLIST_KEY_UISupportedInterfaceOrientations_iPad = "UIInterfaceOrientationPortrait UIInterfaceOrientationPortraitUpsideDown UIInterfaceOrientationLandscapeLeft UIInterfaceOrientationLandscapeRight";
				INFOPLIST_KEY_UISupportedInterfaceOrientations_iPhone = "UIInterfaceOrientationPortrait UIInterfaceOrientationLandscapeLeft UIInterfaceOrientationLandscapeRight";
				LD_RUNPATH_SEARCH_PATHS = (
					"$(inherited)",
					"@executable_path/Frameworks",
				);
				MARKETING_VERSION = 1.0;
				PRODUCT_BUNDLE_IDENTIFIER = "com.my.iOS-HW21-Elena-Zelenova";
				PRODUCT_NAME = "$(TARGET_NAME)";
				SWIFT_EMIT_LOC_STRINGS = YES;
				SWIFT_VERSION = 5.0;
				TARGETED_DEVICE_FAMILY = "1,2";
			};
			name = Release;
		};
/* End XCBuildConfiguration section */

/* Begin XCConfigurationList section */
		79BE570F2B4AA5BA00843990 /* Build configuration list for PBXProject "iOS-HW21-Elena_Zelenova" */ = {
			isa = XCConfigurationList;
			buildConfigurations = (
				79BE57262B4AA5BA00843990 /* Debug */,
				79BE57272B4AA5BA00843990 /* Release */,
			);
			defaultConfigurationIsVisible = 0;
			defaultConfigurationName = Release;
		};
		79BE57282B4AA5BA00843990 /* Build configuration list for PBXNativeTarget "iOS-HW21-Elena_Zelenova" */ = {
			isa = XCConfigurationList;
			buildConfigurations = (
				79BE57292B4AA5BA00843990 /* Debug */,
				79BE572A2B4AA5BA00843990 /* Release */,
			);
			defaultConfigurationIsVisible = 0;
			defaultConfigurationName = Release;
		};
/* End XCConfigurationList section */
	};
	rootObject = 79BE570C2B4AA5BA00843990 /* Project object */;
}
